
Microsoft Visual Studio Solution File, Format Version 12.00
# Visual Studio 2013
VisualStudioVersion = 12.0.31101.0
MinimumVisualStudioVersion = 10.0.40219.1
Project("{FAE04EC0-301F-11D3-BF4B-00C04F79EFBC}") = "SysGestor.DTO", "SysGestor.DTO\SysGestor.DTO.csproj", "{53DCD568-65B9-46EC-8D08-549A6AC50822}"
EndProject
Project("{FAE04EC0-301F-11D3-BF4B-00C04F79EFBC}") = "SysGestor.BLL", "SysGestor.BLL\SysGestor.BLL.csproj", "{FC8BF5D8-84B8-4B8E-A402-AAE662468366}"
EndProject
Project("{FAE04EC0-301F-11D3-BF4B-00C04F79EFBC}") = "SysGestor.DAL", "SysGestor.DAL\SysGestor.DAL.csproj", "{6D5AC572-E89A-4949-85A0-0A08CD1AC2D6}"
EndProject
Project("{FAE04EC0-301F-11D3-BF4B-00C04F79EFBC}") = "SysGestor.DOS", "SysGestor.Console\SysGestor.DOS.csproj", "{5F083921-8379-49FA-8F0B-0F3FF32BCFD7}"
EndProject
Project("{2150E333-8FDC-42A3-9474-1A3956D46DE8}") = "BLL", "BLL", "{4D5FA1D6-9878-490F-8ECE-FCC91AE273E5}"
EndProject
Project("{2150E333-8FDC-42A3-9474-1A3956D46DE8}") = "DAL", "DAL", "{5D392B45-907B-45F1-AC13-6DDFB66E7633}"
EndProject
Project("{2150E333-8FDC-42A3-9474-1A3956D46DE8}") = "DTO", "DTO", "{B649E172-749B-4E5D-8CAC-C2F731E5C48A}"
EndProject
Project("{2150E333-8FDC-42A3-9474-1A3956D46DE8}") = "VIEW-DESKTOP", "VIEW-DESKTOP", "{90494F1D-5CB0-4707-A9E2-944D6283C32C}"
EndProject
Project("{2150E333-8FDC-42A3-9474-1A3956D46DE8}") = "VIEW-WEB", "VIEW-WEB", "{4020ECDF-439B-427F-8E7F-70B8EED92030}"
EndProject
Project("{FAE04EC0-301F-11D3-BF4B-00C04F79EFBC}") = "SysGestor.VIEW", "SysGestor.View\SysGestor.VIEW.csproj", "{B3650D53-2E14-483C-8D65-C165D412B60C}"
EndProject
Project("{2150E333-8FDC-42A3-9474-1A3956D46DE8}") = "RESOURCE", "RESOURCE", "{F44CD0DF-38A3-45C6-873E-964C87884F1E}"
EndProject
Project("{FAE04EC0-301F-11D3-BF4B-00C04F79EFBC}") = "SysGestor.RESOURCE", "SysGestor.RESOURCE\SysGestor.RESOURCE.csproj", "{B8FC8C86-7EED-47C4-A30B-4D84F4F80AA0}"
EndProject
Global
	GlobalSection(SolutionConfigurationPlatforms) = preSolution
		Debug|Any CPU = Debug|Any CPU
		Release|Any CPU = Release|Any CPU
	EndGlobalSection
	GlobalSection(ProjectConfigurationPlatforms) = postSolution
		{53DCD568-65B9-46EC-8D08-549A6AC50822}.Debug|Any CPU.ActiveCfg = Debug|Any CPU
		{53DCD568-65B9-46EC-8D08-549A6AC50822}.Debug|Any CPU.Build.0 = Debug|Any CPU
		{53DCD568-65B9-46EC-8D08-549A6AC50822}.Release|Any CPU.ActiveCfg = Release|Any CPU
		{53DCD568-65B9-46EC-8D08-549A6AC50822}.Release|Any CPU.Build.0 = Release|Any CPU
		{FC8BF5D8-84B8-4B8E-A402-AAE662468366}.Debug|Any CPU.ActiveCfg = Debug|Any CPU
		{FC8BF5D8-84B8-4B8E-A402-AAE662468366}.Debug|Any CPU.Build.0 = Debug|Any CPU
		{FC8BF5D8-84B8-4B8E-A402-AAE662468366}.Release|Any CPU.ActiveCfg = Release|Any CPU
		{FC8BF5D8-84B8-4B8E-A402-AAE662468366}.Release|Any CPU.Build.0 = Release|Any CPU
		{6D5AC572-E89A-4949-85A0-0A08CD1AC2D6}.Debug|Any CPU.ActiveCfg = Debug|Any CPU
		{6D5AC572-E89A-4949-85A0-0A08CD1AC2D6}.Debug|Any CPU.Build.0 = Debug|Any CPU
		{6D5AC572-E89A-4949-85A0-0A08CD1AC2D6}.Release|Any CPU.ActiveCfg = Release|Any CPU
		{6D5AC572-E89A-4949-85A0-0A08CD1AC2D6}.Release|Any CPU.Build.0 = Release|Any CPU
		{5F083921-8379-49FA-8F0B-0F3FF32BCFD7}.Debug|Any CPU.ActiveCfg = Debug|Any CPU
		{5F083921-8379-49FA-8F0B-0F3FF32BCFD7}.Debug|Any CPU.Build.0 = Debug|Any CPU
		{5F083921-8379-49FA-8F0B-0F3FF32BCFD7}.Release|Any CPU.ActiveCfg = Release|Any CPU
		{5F083921-8379-49FA-8F0B-0F3FF32BCFD7}.Release|Any CPU.Build.0 = Release|Any CPU
		{B3650D53-2E14-483C-8D65-C165D412B60C}.Debug|Any CPU.ActiveCfg = Debug|Any CPU
		{B3650D53-2E14-483C-8D65-C165D412B60C}.Debug|Any CPU.Build.0 = Debug|Any CPU
		{B3650D53-2E14-483C-8D65-C165D412B60C}.Release|Any CPU.ActiveCfg = Release|Any CPU
		{B3650D53-2E14-483C-8D65-C165D412B60C}.Release|Any CPU.Build.0 = Release|Any CPU
		{B8FC8C86-7EED-47C4-A30B-4D84F4F80AA0}.Debug|Any CPU.ActiveCfg = Debug|Any CPU
		{B8FC8C86-7EED-47C4-A30B-4D84F4F80AA0}.Debug|Any CPU.Build.0 = Debug|Any CPU
		{B8FC8C86-7EED-47C4-A30B-4D84F4F80AA0}.Release|Any CPU.ActiveCfg = Release|Any CPU
		{B8FC8C86-7EED-47C4-A30B-4D84F4F80AA0}.Release|Any CPU.Build.0 = Release|Any CPU
	EndGlobalSection
	GlobalSection(SolutionProperties) = preSolution
		HideSolutionNode = FALSE
	EndGlobalSection
	GlobalSection(NestedProjects) = preSolution
		{53DCD568-65B9-46EC-8D08-549A6AC50822} = {B649E172-749B-4E5D-8CAC-C2F731E5C48A}
		{FC8BF5D8-84B8-4B8E-A402-AAE662468366} = {4D5FA1D6-9878-490F-8ECE-FCC91AE273E5}
		{6D5AC572-E89A-4949-85A0-0A08CD1AC2D6} = {5D392B45-907B-45F1-AC13-6DDFB66E7633}
		{B3650D53-2E14-483C-8D65-C165D412B60C} = {90494F1D-5CB0-4707-A9E2-944D6283C32C}
		{B8FC8C86-7EED-47C4-A30B-4D84F4F80AA0} = {F44CD0DF-38A3-45C6-873E-964C87884F1E}
	EndGlobalSection
EndGlobal
